<?xml version="1.0" encoding="utf-8"?>
<Project ToolsVersion="4.0" xmlns="http://schemas.microsoft.com/developer/msbuild/2003">
  <ItemGroup>
    <Filter Include="Pliki źródłowe">
      <UniqueIdentifier>{4FC737F1-C7A5-4376-A066-2A32D752A2FF}</UniqueIdentifier>
      <Extensions>cpp;c;cc;cxx;c++;cppm;ixx;def;odl;idl;hpj;bat;asm;asmx</Extensions>
    </Filter>
    <Filter Include="Pliki nagłówkowe">
      <UniqueIdentifier>{93995380-89BD-4b04-88EB-625FBE52EBFB}</UniqueIdentifier>
      <Extensions>h;hh;hpp;hxx;h++;hm;inl;inc;ipp;xsd</Extensions>
    </Filter>
    <Filter Include="Pliki zasobów">
      <UniqueIdentifier>{67DA6AB6-F800-4c08-8B7A-83BB121AAD01}</UniqueIdentifier>
      <Extensions>rc;ico;cur;bmp;dlg;rc2;rct;bin;rgs;gif;jpg;jpeg;jpe;resx;tiff;tif;png;wav;mfcribbon-ms</Extensions>
    </Filter>
  </ItemGroup>
  <ItemGroup>
    <ClCompile Include="main.cpp">
      <Filter>Pliki źródłowe</Filter>
    </ClCompile>
    <ClCompile Include="camera.cpp">
      <Filter>Pliki źródłowe</Filter>
    </ClCompile>
    <ClCompile Include="grid.cpp">
      <Filter>Pliki źródłowe</Filter>
    </ClCompile>
    <ClCompile Include="tileMap.cpp">
      <Filter>Pliki źródłowe</Filter>
    </ClCompile>
    <ClCompile Include="tileMaps.cpp">
      <Filter>Pliki źródłowe</Filter>
    </ClCompile>
    <ClCompile Include="tiles.cpp">
      <Filter>Pliki źródłowe</Filter>
    </ClCompile>
    <ClCompile Include="placementManager.cpp">
      <Filter>Pliki źródłowe</Filter>
    </ClCompile>
    <ClCompile Include="levelData.cpp">
      <Filter>Pliki źródłowe</Filter>
    </ClCompile>
    <ClCompile Include="tile.cpp">
      <Filter>Pliki źródłowe</Filter>
    </ClCompile>
    <ClCompile Include="jsonParser.cpp">
      <Filter>Pliki źródłowe</Filter>
    </ClCompile>
    <ClCompile Include="tileData.cpp">
      <Filter>Pliki źródłowe</Filter>
    </ClCompile>
  </ItemGroup>
  <ItemGroup>
    <ClInclude Include="grid.hpp">
      <Filter>Pliki źródłowe</Filter>
    </ClInclude>
    <ClInclude Include="camera.hpp">
      <Filter>Pliki źródłowe</Filter>
    </ClInclude>
    <ClInclude Include="horizontalMenu.hpp">
      <Filter>Pliki źródłowe</Filter>
    </ClInclude>
    <ClInclude Include="tile.hpp">
      <Filter>Pliki źródłowe</Filter>
    </ClInclude>
    <ClInclude Include="tiles.hpp">
      <Filter>Pliki źródłowe</Filter>
    </ClInclude>
    <ClInclude Include="tileData.hpp">
      <Filter>Pliki źródłowe</Filter>
    </ClInclude>
    <ClInclude Include="placementManager.hpp">
      <Filter>Pliki źródłowe</Filter>
    </ClInclude>
    <ClInclude Include="jsonParser.hpp">
      <Filter>Pliki źródłowe</Filter>
    </ClInclude>
    <ClInclude Include="levelData.hpp">
      <Filter>Pliki źródłowe</Filter>
    </ClInclude>
    <ClInclude Include="editorLog.hpp">
      <Filter>Pliki źródłowe</Filter>
    </ClInclude>
    <ClInclude Include="tileMap.hpp">
      <Filter>Pliki źródłowe</Filter>
    </ClInclude>
    <ClInclude Include="tileMaps.hpp">
      <Filter>Pliki źródłowe</Filter>
    </ClInclude>
    <ClInclude Include="directives.hpp">
      <Filter>Pliki źródłowe</Filter>
    </ClInclude>
  </ItemGroup>
</Project>